
Microsoft Visual Studio Solution File, Format Version 12.00
# Visual Studio Version 16
VisualStudioVersion = 16.0.31410.357
MinimumVisualStudioVersion = 10.0.40219.1
Project("{FAE04EC0-301F-11D3-BF4B-00C04F79EFBC}") = "MatrixCalculateLibrary", "ArrayCalculator\MatrixCalculateLibrary.csproj", "{9BC667C8-85D6-4FD4-B201-67559F461609}"
EndProject
Project("{FAE04EC0-301F-11D3-BF4B-00C04F79EFBC}") = "MatrixCalculateLibrary.Test", "MatrixCalculateLibrary.Test\MatrixCalculateLibrary.Test.csproj", "{7BC7E189-EDFC-4F10-9563-7D9C118A2E7B}"
EndProject
Global
	GlobalSection(SolutionConfigurationPlatforms) = preSolution
		Debug|Any CPU = Debug|Any CPU
		Release|Any CPU = Release|Any CPU
	EndGlobalSection
	GlobalSection(ProjectConfigurationPlatforms) = postSolution
		{9BC667C8-85D6-4FD4-B201-67559F461609}.Debug|Any CPU.ActiveCfg = Debug|Any CPU
		{9BC667C8-85D6-4FD4-B201-67559F461609}.Debug|Any CPU.Build.0 = Debug|Any CPU
		{9BC667C8-85D6-4FD4-B201-67559F461609}.Release|Any CPU.ActiveCfg = Release|Any CPU
		{9BC667C8-85D6-4FD4-B201-67559F461609}.Release|Any CPU.Build.0 = Release|Any CPU
		{7BC7E189-EDFC-4F10-9563-7D9C118A2E7B}.Debug|Any CPU.ActiveCfg = Debug|Any CPU
		{7BC7E189-EDFC-4F10-9563-7D9C118A2E7B}.Debug|Any CPU.Build.0 = Debug|Any CPU
		{7BC7E189-EDFC-4F10-9563-7D9C118A2E7B}.Release|Any CPU.ActiveCfg = Release|Any CPU
		{7BC7E189-EDFC-4F10-9563-7D9C118A2E7B}.Release|Any CPU.Build.0 = Release|Any CPU
	EndGlobalSection
	GlobalSection(SolutionProperties) = preSolution
		HideSolutionNode = FALSE
	EndGlobalSection
	GlobalSection(ExtensibilityGlobals) = postSolution
		SolutionGuid = {A30104E3-A08D-437C-84A5-D45B92427264}
	EndGlobalSection
EndGlobal
